
Microsoft Visual Studio Solution File, Format Version 12.00
# Visual Studio Version 16
VisualStudioVersion = 16.0.32802.440
MinimumVisualStudioVersion = 10.0.40219.1
Project("{FAE04EC0-301F-11D3-BF4B-00C04F79EFBC}") = "wget", "wget.csproj", "{8C311B54-ABC8-4520-A9AE-9A6AC2CD7ADC}"
EndProject
Global
	GlobalSection(SolutionConfigurationPlatforms) = preSolution
		Debug|Any CPU = Debug|Any CPU
		Release|Any CPU = Release|Any CPU
	EndGlobalSection
	GlobalSection(ProjectConfigurationPlatforms) = postSolution
		{8C311B54-ABC8-4520-A9AE-9A6AC2CD7ADC}.Debug|Any CPU.ActiveCfg = Debug|Any CPU
		{8C311B54-ABC8-4520-A9AE-9A6AC2CD7ADC}.Debug|Any CPU.Build.0 = Debug|Any CPU
		{8C311B54-ABC8-4520-A9AE-9A6AC2CD7ADC}.Release|Any CPU.ActiveCfg = Release|Any CPU
		{8C311B54-ABC8-4520-A9AE-9A6AC2CD7ADC}.Release|Any CPU.Build.0 = Release|Any CPU
	EndGlobalSection
	GlobalSection(SolutionProperties) = preSolution
		HideSolutionNode = FALSE
	EndGlobalSection
	GlobalSection(ExtensibilityGlobals) = postSolution
		SolutionGuid = {EDE6AD26-6F55-4966-9251-F01AD7EB1F84}
	EndGlobalSection
EndGlobal
